
Microsoft Visual Studio Solution File, Format Version 12.00
# Visual Studio Version 16
VisualStudioVersion = 16.0.30114.105
MinimumVisualStudioVersion = 10.0.40219.1
Project("{FAE04EC0-301F-11D3-BF4B-00C04F79EFBC}") = "API", "API\API.csproj", "{50BEA2F8-9463-4E78-9408-8083B25DCF8C}"
EndProject
Project("{FAE04EC0-301F-11D3-BF4B-00C04F79EFBC}") = "Application", "Application\Application.csproj", "{9E11541D-2E92-4225-9752-CEBCC8703EB8}"
EndProject
Project("{FAE04EC0-301F-11D3-BF4B-00C04F79EFBC}") = "Domain", "Domain\Domain.csproj", "{BD416530-7292-49DF-B010-451A810A3D1F}"
EndProject
Project("{FAE04EC0-301F-11D3-BF4B-00C04F79EFBC}") = "Persistence", "Persistence\Persistence.csproj", "{681BDCB1-C018-4018-9AFD-124CD69D6C74}"
EndProject
Global
	GlobalSection(SolutionConfigurationPlatforms) = preSolution
		Debug|Any CPU = Debug|Any CPU
		Release|Any CPU = Release|Any CPU
	EndGlobalSection
	GlobalSection(SolutionProperties) = preSolution
		HideSolutionNode = FALSE
	EndGlobalSection
	GlobalSection(ProjectConfigurationPlatforms) = postSolution
		{50BEA2F8-9463-4E78-9408-8083B25DCF8C}.Debug|Any CPU.ActiveCfg = Debug|Any CPU
		{50BEA2F8-9463-4E78-9408-8083B25DCF8C}.Debug|Any CPU.Build.0 = Debug|Any CPU
		{50BEA2F8-9463-4E78-9408-8083B25DCF8C}.Release|Any CPU.ActiveCfg = Release|Any CPU
		{50BEA2F8-9463-4E78-9408-8083B25DCF8C}.Release|Any CPU.Build.0 = Release|Any CPU
		{9E11541D-2E92-4225-9752-CEBCC8703EB8}.Debug|Any CPU.ActiveCfg = Debug|Any CPU
		{9E11541D-2E92-4225-9752-CEBCC8703EB8}.Debug|Any CPU.Build.0 = Debug|Any CPU
		{9E11541D-2E92-4225-9752-CEBCC8703EB8}.Release|Any CPU.ActiveCfg = Release|Any CPU
		{9E11541D-2E92-4225-9752-CEBCC8703EB8}.Release|Any CPU.Build.0 = Release|Any CPU
		{BD416530-7292-49DF-B010-451A810A3D1F}.Debug|Any CPU.ActiveCfg = Debug|Any CPU
		{BD416530-7292-49DF-B010-451A810A3D1F}.Debug|Any CPU.Build.0 = Debug|Any CPU
		{BD416530-7292-49DF-B010-451A810A3D1F}.Release|Any CPU.ActiveCfg = Release|Any CPU
		{BD416530-7292-49DF-B010-451A810A3D1F}.Release|Any CPU.Build.0 = Release|Any CPU
		{681BDCB1-C018-4018-9AFD-124CD69D6C74}.Debug|Any CPU.ActiveCfg = Debug|Any CPU
		{681BDCB1-C018-4018-9AFD-124CD69D6C74}.Debug|Any CPU.Build.0 = Debug|Any CPU
		{681BDCB1-C018-4018-9AFD-124CD69D6C74}.Release|Any CPU.ActiveCfg = Release|Any CPU
		{681BDCB1-C018-4018-9AFD-124CD69D6C74}.Release|Any CPU.Build.0 = Release|Any CPU
	EndGlobalSection
EndGlobal
